PODS:
  - Alamofire (3.4.0)
  - CZPicker (0.4.2)
  - JSQMessagesViewController (7.2.0):
    - JSQSystemSoundPlayer (~> 2.0.1)
  - JSQSystemSoundPlayer (2.0.1)
  - PKRevealController (2.0.6)
  - RAReorderableLayout (0.4.1)

DEPENDENCIES:
  - Alamofire
  - CZPicker
  - JSQMessagesViewController
  - PKRevealController
  - RAReorderableLayout

SPEC CHECKSUMS:
  Alamofire: c19a627cefd6a95f840401c49ab1f124e07f54ee
  CZPicker: df3d8d0511595b7cd2f032263c82c611d45a9b8e
  JSQMessagesViewController: 73cab48aa92fc2d512f3b6724f3425cc47a19eb5
  JSQSystemSoundPlayer: c5850e77a4363ffd374cd851154b9af93264ed8d
  PKRevealController: ffb45a16f5a5032ad90a3d16e5cbb0d8e035bd58
  RAReorderableLayout: d5d3839bfc2a732a0463f08a6c91d76c9951cb77

COCOAPODS: 0.39.0
